
Microsoft Visual Studio Solution File, Format Version 12.00
# Visual Studio Version 16
VisualStudioVersion = 16.0.31321.278
MinimumVisualStudioVersion = 10.0.40219.1
Project("{FAE04EC0-301F-11D3-BF4B-00C04F79EFBC}") = "HcwInstallHelper", "HcwInstallHelper.csproj", "{B0BD8E94-8150-4D65-819B-CEFFE3301EF0}"
EndProject
Global
	GlobalSection(SolutionConfigurationPlatforms) = preSolution
		Debug|Any CPU = Debug|Any CPU
		Release|Any CPU = Release|Any CPU
	EndGlobalSection
	GlobalSection(ProjectConfigurationPlatforms) = postSolution
		{B0BD8E94-8150-4D65-819B-CEFFE3301EF0}.Debug|Any CPU.ActiveCfg = Debug|Any CPU
		{B0BD8E94-8150-4D65-819B-CEFFE3301EF0}.Debug|Any CPU.Build.0 = Debug|Any CPU
		{B0BD8E94-8150-4D65-819B-CEFFE3301EF0}.Release|Any CPU.ActiveCfg = Release|Any CPU
		{B0BD8E94-8150-4D65-819B-CEFFE3301EF0}.Release|Any CPU.Build.0 = Release|Any CPU
	EndGlobalSection
	GlobalSection(SolutionProperties) = preSolution
		HideSolutionNode = FALSE
	EndGlobalSection
	GlobalSection(ExtensibilityGlobals) = postSolution
		SolutionGuid = {DB43DB3F-C309-48BE-A7AD-AC22E70D976E}
	EndGlobalSection
EndGlobal
